
Microsoft Visual Studio Solution File, Format Version 12.00
# Visual Studio Version 16
VisualStudioVersion = 16.0.29613.14
MinimumVisualStudioVersion = 10.0.40219.1
Project("{9A19103F-16F7-4668-BE54-9A1E7A4F7556}") = "AlphaMetrixForms.Web", "AlphaMetrixForms.Web\AlphaMetrixForms.Web.csproj", "{3857262E-A522-4134-A035-6AE1AF700290}"
EndProject
Project("{9A19103F-16F7-4668-BE54-9A1E7A4F7556}") = "AlphaMetrixForms.Data", "AlphaMetrixForms.Data\AlphaMetrixForms.Data.csproj", "{3A146CCA-B4C3-4C81-B1F0-80C2CB9548BF}"
EndProject
Project("{FAE04EC0-301F-11D3-BF4B-00C04F79EFBC}") = "AlphaMetrixForms.Services", "AlphaMetrixForms.Services\AlphaMetrixForms.Services.csproj", "{D1C2406F-86A7-4FA4-A126-C7A53E7601EC}"
EndProject
Global
	GlobalSection(SolutionConfigurationPlatforms) = preSolution
		Debug|Any CPU = Debug|Any CPU
		Release|Any CPU = Release|Any CPU
	EndGlobalSection
	GlobalSection(ProjectConfigurationPlatforms) = postSolution
		{3857262E-A522-4134-A035-6AE1AF700290}.Debug|Any CPU.ActiveCfg = Debug|Any CPU
		{3857262E-A522-4134-A035-6AE1AF700290}.Debug|Any CPU.Build.0 = Debug|Any CPU
		{3857262E-A522-4134-A035-6AE1AF700290}.Release|Any CPU.ActiveCfg = Release|Any CPU
		{3857262E-A522-4134-A035-6AE1AF700290}.Release|Any CPU.Build.0 = Release|Any CPU
		{3A146CCA-B4C3-4C81-B1F0-80C2CB9548BF}.Debug|Any CPU.ActiveCfg = Debug|Any CPU
		{3A146CCA-B4C3-4C81-B1F0-80C2CB9548BF}.Debug|Any CPU.Build.0 = Debug|Any CPU
		{3A146CCA-B4C3-4C81-B1F0-80C2CB9548BF}.Release|Any CPU.ActiveCfg = Release|Any CPU
		{3A146CCA-B4C3-4C81-B1F0-80C2CB9548BF}.Release|Any CPU.Build.0 = Release|Any CPU
		{D1C2406F-86A7-4FA4-A126-C7A53E7601EC}.Debug|Any CPU.ActiveCfg = Debug|Any CPU
		{D1C2406F-86A7-4FA4-A126-C7A53E7601EC}.Debug|Any CPU.Build.0 = Debug|Any CPU
		{D1C2406F-86A7-4FA4-A126-C7A53E7601EC}.Release|Any CPU.ActiveCfg = Release|Any CPU
		{D1C2406F-86A7-4FA4-A126-C7A53E7601EC}.Release|Any CPU.Build.0 = Release|Any CPU
	EndGlobalSection
	GlobalSection(SolutionProperties) = preSolution
		HideSolutionNode = FALSE
	EndGlobalSection
	GlobalSection(ExtensibilityGlobals) = postSolution
		SolutionGuid = {BC7126B8-795D-4045-89D9-A21017EB18DD}
	EndGlobalSection
EndGlobal
